{
  "name": "Prime-Resume-Checker",
  "lockfileVersion": 3,
  "requires": true,
  "packages": {
    "": {
      "dependencies": {
        "@lottiefiles/react-lottie-player": "^3.6.0",
        "lottie-react": "^2.4.1",
        "pdfjs-dist": "^5.4.149",
        "react-router-dom": "^7.8.2"
      }
    },
    "node_modules/@lottiefiles/react-lottie-player": {
      "version": "3.6.0",
      "resolved": "https://registry.npmjs.org/@lottiefiles/react-lottie-player/-/react-lottie-player-3.6.0.tgz",
      "integrity": "sha512-WK5TriLJT93VF3w4IjSVyveiedraZCnDhKzCPhpbeLgQeMi6zufxa3dXNc4HmAFRXq+LULPAy+Idv1rAfkReMA==",
      "license": "MIT",
      "dependencies": {
        "lottie-web": "^5.12.2"
      },
      "peerDependencies": {
        "react": "16 - 19"
      }
    },
    "node_modules/@napi-rs/canvas": {
      "version": "0.1.78",
      "resolved": "https://registry.npmjs.org/@napi-rs/canvas/-/canvas-0.1.78.tgz",
      "integrity": "sha512-YaBHJvT+T1DoP16puvWM6w46Lq3VhwKIJ8th5m1iEJyGh7mibk5dT7flBvMQ1EH1LYmMzXJ+OUhu+8wQ9I6u7g==",
      "license": "MIT",
      "optional": true,
      "workspaces": [
        "e2e/*"
      ],
      "engines": {
        "node": ">= 10"
      },
      "optionalDependencies": {
        "@napi-rs/canvas-android-arm64": "0.1.78",
        "@napi-rs/canvas-darwin-arm64": "0.1.78",
        "@napi-rs/canvas-darwin-x64": "0.1.78",
        "@napi-rs/canvas-linux-arm-gnueabihf": "0.1.78",
        "@napi-rs/canvas-linux-arm64-gnu": "0.1.78",
        "@napi-rs/canvas-linux-arm64-musl": "0.1.78",
        "@napi-rs/canvas-linux-riscv64-gnu": "0.1.78",
        "@napi-rs/canvas-linux-x64-gnu": "0.1.78",
        "@napi-rs/canvas-linux-x64-musl": "0.1.78",
        "@napi-rs/canvas-win32-x64-msvc": "0.1.78"
      }
    },
    "node_modules/@napi-rs/canvas-android-arm64": {
      "version": "0.1.78",
      "resolved": "https://registry.npmjs.org/@napi-rs/canvas-android-arm64/-/canvas-android-arm64-0.1.78.tgz",
      "integrity": "sha512-N1ikxztjrRmh8xxlG5kYm1RuNr8ZW1EINEDQsLhhuy7t0pWI/e7SH91uFVLZKCMDyjel1tyWV93b5fdCAi7ggw==",
      "cpu": [
        "arm64"
      ],
      "license": "MIT",
      "optional": true,
      "os": [
        "android"
      ],
      "engines": {
        "node": ">= 10"
      }
    },
    "node_modules/@napi-rs/canvas-darwin-arm64": {
      "version": "0.1.78",
      "resolved": "https://registry.npmjs.org/@napi-rs/canvas-darwin-arm64/-/canvas-darwin-arm64-0.1.78.tgz",
      "integrity": "sha512-FA3aCU3G5yGc74BSmnLJTObnZRV+HW+JBTrsU+0WVVaNyVKlb5nMvYAQuieQlRVemsAA2ek2c6nYtHh6u6bwFw==",
      "cpu": [
        "arm64"
      ],
      "license": "MIT",
      "optional": true,
      "os": [
        "darwin"
      ],
      "engines": {
        "node": ">= 10"
      }
    },
    "node_modules/@napi-rs/canvas-darwin-x64": {
      "version": "0.1.78",
      "resolved": "https://registry.npmjs.org/@napi-rs/canvas-darwin-x64/-/canvas-darwin-x64-0.1.78.tgz",
      "integrity": "sha512-xVij69o9t/frixCDEoyWoVDKgE3ksLGdmE2nvBWVGmoLu94MWUlv2y4Qzf5oozBmydG5Dcm4pRHFBM7YWa1i6g==",
      "cpu": [
        "x64"
      ],
      "license": "MIT",
      "optional": true,
      "os": [
        "darwin"
      ],
      "engines": {
        "node": ">= 10"
      }
    },
    "node_modules/@napi-rs/canvas-linux-arm-gnueabihf": {
      "version": "0.1.78",
      "resolved": "https://registry.npmjs.org/@napi-rs/canvas-linux-arm-gnueabihf/-/canvas-linux-arm-gnueabihf-0.1.78.tgz",
      "integrity": "sha512-aSEXrLcIpBtXpOSnLhTg4jPsjJEnK7Je9KqUdAWjc7T8O4iYlxWxrXFIF8rV8J79h5jNdScgZpAUWYnEcutR3g==",
      "cpu": [
        "arm"
      ],
      "license": "MIT",
      "optional": true,
      "os": [
        "linux"
      ],
      "engines": {
        "node": ">= 10"
      }
    },
    "node_modules/@napi-rs/canvas-linux-arm64-gnu": {
      "version": "0.1.78",
      "resolved": "https://registry.npmjs.org/@napi-rs/canvas-linux-arm64-gnu/-/canvas-linux-arm64-gnu-0.1.78.tgz",
      "integrity": "sha512-dlEPRX1hLGKaY3UtGa1dtkA1uGgFITn2mDnfI6YsLlYyLJQNqHx87D1YTACI4zFCUuLr/EzQDzuX+vnp9YveVg==",
      "cpu": [
        "arm64"
      ],
      "license": "MIT",
      "optional": true,
      "os": [
        "linux"
      ],
      "engines": {
        "node": ">= 10"
      }
    },
    "node_modules/@napi-rs/canvas-linux-arm64-musl": {
      "version": "0.1.78",
      "resolved": "https://registry.npmjs.org/@napi-rs/canvas-linux-arm64-musl/-/canvas-linux-arm64-musl-0.1.78.tgz",
      "integrity": "sha512-TsCfjOPZtm5Q/NO1EZHR5pwDPSPjPEttvnv44GL32Zn1uvudssjTLbvaG1jHq81Qxm16GTXEiYLmx4jOLZQYlg==",
      "cpu": [
        "arm64"
      ],
      "license": "MIT",
      "optional": true,
      "os": [
        "linux"
      ],
      "engines": {
        "node": ">= 10"
      }
    },
    "node_modules/@napi-rs/canvas-linux-riscv64-gnu": {
      "version": "0.1.78",
      "resolved": "https://registry.npmjs.org/@napi-rs/canvas-linux-riscv64-gnu/-/canvas-linux-riscv64-gnu-0.1.78.tgz",
      "integrity": "sha512-+cpTTb0GDshEow/5Fy8TpNyzaPsYb3clQIjgWRmzRcuteLU+CHEU/vpYvAcSo7JxHYPJd8fjSr+qqh+nI5AtmA==",
      "cpu": [
        "riscv64"
      ],
      "license": "MIT",
      "optional": true,
      "os": [
        "linux"
      ],
      "engines": {
        "node": ">= 10"
      }
    },
    "node_modules/@napi-rs/canvas-linux-x64-gnu": {
      "version": "0.1.78",
      "resolved": "https://registry.npmjs.org/@napi-rs/canvas-linux-x64-gnu/-/canvas-linux-x64-gnu-0.1.78.tgz",
      "integrity": "sha512-wxRcvKfvYBgtrO0Uy8OmwvjlnTcHpY45LLwkwVNIWHPqHAsyoTyG/JBSfJ0p5tWRzMOPDCDqdhpIO4LOgXjeyg==",
      "cpu": [
        "x64"
      ],
      "license": "MIT",
      "optional": true,
      "os": [
        "linux"
      ],
      "engines": {
        "node": ">= 10"
      }
    },
    "node_modules/@napi-rs/canvas-linux-x64-musl": {
      "version": "0.1.78",
      "resolved": "https://registry.npmjs.org/@napi-rs/canvas-linux-x64-musl/-/canvas-linux-x64-musl-0.1.78.tgz",
      "integrity": "sha512-vQFOGwC9QDP0kXlhb2LU1QRw/humXgcbVp8mXlyBqzc/a0eijlLF9wzyarHC1EywpymtS63TAj8PHZnhTYN6hg==",
      "cpu": [
        "x64"
      ],
      "license": "MIT",
      "optional": true,
      "os": [
        "linux"
      ],
      "engines": {
        "node": ">= 10"
      }
    },
    "node_modules/@napi-rs/canvas-win32-x64-msvc": {
      "version": "0.1.78",
      "resolved": "https://registry.npmjs.org/@napi-rs/canvas-win32-x64-msvc/-/canvas-win32-x64-msvc-0.1.78.tgz",
      "integrity": "sha512-/eKlTZBtGUgpRKalzOzRr6h7KVSuziESWXgBcBnXggZmimwIJWPJlEcbrx5Tcwj8rPuZiANXQOG9pPgy9Q4LTQ==",
      "cpu": [
        "x64"
      ],
      "license": "MIT",
      "optional": true,
      "os": [
        "win32"
      ],
      "engines": {
        "node": ">= 10"
      }
    },
    "node_modules/cookie": {
      "version": "1.0.2",
      "resolved": "https://registry.npmjs.org/cookie/-/cookie-1.0.2.tgz",
      "integrity": "sha512-9Kr/j4O16ISv8zBBhJoi4bXOYNTkFLOqSL3UDB0njXxCXNezjeyVrJyGOWtgfs/q2km1gwBcfH8q1yEGoMYunA==",
      "license": "MIT",
      "engines": {
        "node": ">=18"
      }
    },
    "node_modules/lottie-react": {
      "version": "2.4.1",
      "resolved": "https://registry.npmjs.org/lottie-react/-/lottie-react-2.4.1.tgz",
      "integrity": "sha512-LQrH7jlkigIIv++wIyrOYFLHSKQpEY4zehPicL9bQsrt1rnoKRYCYgpCUe5maqylNtacy58/sQDZTkwMcTRxZw==",
      "license": "MIT",
      "dependencies": {
        "lottie-web": "^5.10.2"
      },
      "peerDependencies": {
        "react": "^16.8.0 || ^17.0.0 || ^18.0.0 || ^19.0.0",
        "react-dom": "^16.8.0 || ^17.0.0 || ^18.0.0 || ^19.0.0"
      }
    },
    "node_modules/lottie-web": {
      "version": "5.13.0",
      "resolved": "https://registry.npmjs.org/lottie-web/-/lottie-web-5.13.0.tgz",
      "integrity": "sha512-+gfBXl6sxXMPe8tKQm7qzLnUy5DUPJPKIyRHwtpCpyUEYjHYRJC/5gjUvdkuO2c3JllrPtHXH5UJJK8LRYl5yQ==",
      "license": "MIT"
    },
    "node_modules/pdfjs-dist": {
      "version": "5.4.149",
      "resolved": "https://registry.npmjs.org/pdfjs-dist/-/pdfjs-dist-5.4.149.tgz",
      "integrity": "sha512-Xe8/1FMJEQPUVSti25AlDpwpUm2QAVmNOpFP0SIahaPIOKBKICaefbzogLdwey3XGGoaP4Lb9wqiw2e9Jqp0LA==",
      "license": "Apache-2.0",
      "engines": {
        "node": ">=20.16.0 || >=22.3.0"
      },
      "optionalDependencies": {
        "@napi-rs/canvas": "^0.1.77"
      }
    },
    "node_modules/react": {
      "version": "19.1.1",
      "resolved": "https://registry.npmjs.org/react/-/react-19.1.1.tgz",
      "integrity": "sha512-w8nqGImo45dmMIfljjMwOGtbmC/mk4CMYhWIicdSflH91J9TyCyczcPFXJzrZ/ZXcgGRFeP6BU0BEJTw6tZdfQ==",
      "license": "MIT",
      "peer": true,
      "engines": {
        "node": ">=0.10.0"
      }
    },
    "node_modules/react-dom": {
      "version": "19.1.1",
      "resolved": "https://registry.npmjs.org/react-dom/-/react-dom-19.1.1.tgz",
      "integrity": "sha512-Dlq/5LAZgF0Gaz6yiqZCf6VCcZs1ghAJyrsu84Q/GT0gV+mCxbfmKNoGRKBYMJ8IEdGPqu49YWXD02GCknEDkw==",
      "license": "MIT",
      "peer": true,
      "dependencies": {
        "scheduler": "^0.26.0"
      },
      "peerDependencies": {
        "react": "^19.1.1"
      }
    },
    "node_modules/react-router": {
      "version": "7.8.2",
      "resolved": "https://registry.npmjs.org/react-router/-/react-router-7.8.2.tgz",
      "integrity": "sha512-7M2fR1JbIZ/jFWqelpvSZx+7vd7UlBTfdZqf6OSdF9g6+sfdqJDAWcak6ervbHph200ePlu+7G8LdoiC3ReyAQ==",
      "license": "MIT",
      "dependencies": {
        "cookie": "^1.0.1",
        "set-cookie-parser": "^2.6.0"
      },
      "engines": {
        "node": ">=20.0.0"
      },
      "peerDependencies": {
        "react": ">=18",
        "react-dom": ">=18"
      },
      "peerDependenciesMeta": {
        "react-dom": {
          "optional": true
        }
      }
    },
    "node_modules/react-router-dom": {
      "version": "7.8.2",
      "resolved": "https://registry.npmjs.org/react-router-dom/-/react-router-dom-7.8.2.tgz",
      "integrity": "sha512-Z4VM5mKDipal2jQ385H6UBhiiEDlnJPx6jyWsTYoZQdl5TrjxEV2a9yl3Fi60NBJxYzOTGTTHXPi0pdizvTwow==",
      "license": "MIT",
      "dependencies": {
        "react-router": "7.8.2"
      },
      "engines": {
        "node": ">=20.0.0"
      },
      "peerDependencies": {
        "react": ">=18",
        "react-dom": ">=18"
      }
    },
    "node_modules/scheduler": {
      "version": "0.26.0",
      "resolved": "https://registry.npmjs.org/scheduler/-/scheduler-0.26.0.tgz",
      "integrity": "sha512-NlHwttCI/l5gCPR3D1nNXtWABUmBwvZpEQiD4IXSbIDq8BzLIK/7Ir5gTFSGZDUu37K5cMNp0hFtzO38sC7gWA==",
      "license": "MIT",
      "peer": true
    },
    "node_modules/set-cookie-parser": {
      "version": "2.7.1",
      "resolved": "https://registry.npmjs.org/set-cookie-parser/-/set-cookie-parser-2.7.1.tgz",
      "integrity": "sha512-IOc8uWeOZgnb3ptbCURJWNjWUPcO3ZnTTdzsurqERrP6nPyv+paC55vJM0LpOlT2ne+Ix+9+CRG1MNLlyZ4GjQ==",
      "license": "MIT"
    }
  }
}
